{
  "version": 4,
  "terraform_version": "1.14.5",
  "serial": 18,
  "lineage": "7ad640f4-a57a-99ed-9c58-9ebb4b364463",
  "outputs": {
    "instance_name": {
      "value": "ubuntu-vm",
      "type": "string"
    }
  },
  "resources": [
    {
      "mode": "managed",
      "type": "incus_network",
      "name": "incusbr0",
      "provider": "provider[\"registry.terraform.io/lxc/incus\"]",
      "instances": [
        {
          "schema_version": 0,
          "attributes": {
            "config": {
              "ipv4.address": "10.0.0.1/24",
              "ipv4.nat": "true",
              "ipv6.address": "none"
            },
            "description": "",
            "managed": true,
            "name": "incusbr0",
            "project": null,
            "remote": null,
            "target": null,
            "type": "bridge"
          },
          "sensitive_attributes": [],
          "identity_schema_version": 0
        }
      ]
    }
  ],
  "check_results": null
}
