{
  "version": 4,
  "terraform_version": "1.14.5",
  "serial": 84,
  "lineage": "7ad640f4-a57a-99ed-9c58-9ebb4b364463",
  "outputs": {
    "instance_ip": {
      "value": [
        null,
        null,
        null,
        null,
        null,
        null,
        null,
        null
      ],
      "type": [
        "tuple",
        [
          "string",
          "string",
          "string",
          "string",
          "string",
          "string",
          "string",
          "string"
        ]
      ]
    },
    "instance_name": {
      "value": [
        "DMZ",
        "APP",
        "DB",
        "rke2-master01",
        "rke2-master02",
        "rke2-master03",
        "rke2-agent01",
        "rancher"
      ],
      "type": [
        "tuple",
        [
          "string",
          "string",
          "string",
          "string",
          "string",
          "string",
          "string",
          "string"
        ]
      ]
    }
  },
  "resources": [
    {
      "mode": "managed",
      "type": "incus_instance",
      "name": "app",
      "provider": "provider[\"registry.terraform.io/lxc/incus\"]",
      "instances": [
        {
          "schema_version": 0,
          "attributes": {
            "architecture": "x86_64",
            "config": {
              "limits.cpu": "2",
              "limits.memory": "2048MiB",
              "user.user-data": "#cloud-config\npackage_update: true\npackages:\n  - openssh-server\nusers:\n  - name: ubuntu\n    groups: [adm, sudo]\n    shell: /bin/bash\n    sudo: ALL=(ALL) NOPASSWD:ALL\n    ssh_authorized_keys:\n      - ssh-rsa AAAAB3NzaC1yc2EAAAADAQABAAABAQCwyDUIlyvDeyJJCU5NlhEtcsVP7AauLOGXJeMcaXS2ZEuR+x/xRcWGNK+M4F66BjvD5uiUM96PfmsyOPX2bXhJjcYE7mgog8KZtmMp7Ovzt03aFpfjQRTBsnQPfw4ZOkOqOpr2ewLM9Ph9r674LckDBBqf9ce9+nSQRcN7pk5OjCDuK2JyWEw2ARgdPpvE3Eh4gJSlryr9BhilY4TAPx3w2rAIA5+D2qfSgAoM1Tntfw3XS2nqZJk9Wn7rksFxK9l1fbf8SpHpbvuXZXsv88leBMRvisQKw0EXZW5qra89i3j/Ip+VTXbc0i4CfVS972bs7Yd8Pn0ZBk/1oNbjsKYL jenkins@devjenkins01.loyalto.id\n"
            },
            "description": "",
            "device": [
              {
                "name": "eth0",
                "properties": {
                  "ipv4.address": "10.0.0.11",
                  "network": "incusbr0"
                },
                "type": "nic"
              }
            ],
            "ephemeral": false,
            "file": [],
            "image": "images:ubuntu/22.04/cloud",
            "ipv4_address": null,
            "ipv6_address": null,
            "mac_address": "10:66:6a:fc:6d:84",
            "name": "APP",
            "profiles": [
              "default"
            ],
            "project": null,
            "remote": null,
            "running": true,
            "source_file": null,
            "source_instance": null,
            "status": "Running",
            "target": "",
            "type": "virtual-machine",
            "wait_for": []
          },
          "sensitive_attributes": [],
          "identity_schema_version": 0,
          "dependencies": [
            "incus_network.incusbr0"
          ]
        }
      ]
    },
    {
      "mode": "managed",
      "type": "incus_instance",
      "name": "db",
      "provider": "provider[\"registry.terraform.io/lxc/incus\"]",
      "instances": [
        {
          "schema_version": 0,
          "attributes": {
            "architecture": "x86_64",
            "config": {
              "limits.cpu": "2",
              "limits.memory": "2048MiB",
              "user.user-data": "#cloud-config\npackage_update: true\npackages:\n  - openssh-server\nusers:\n  - name: ubuntu\n    groups: [adm, sudo]\n    shell: /bin/bash\n    sudo: ALL=(ALL) NOPASSWD:ALL\n    ssh_authorized_keys:\n      - ssh-rsa AAAAB3NzaC1yc2EAAAADAQABAAABAQCwyDUIlyvDeyJJCU5NlhEtcsVP7AauLOGXJeMcaXS2ZEuR+x/xRcWGNK+M4F66BjvD5uiUM96PfmsyOPX2bXhJjcYE7mgog8KZtmMp7Ovzt03aFpfjQRTBsnQPfw4ZOkOqOpr2ewLM9Ph9r674LckDBBqf9ce9+nSQRcN7pk5OjCDuK2JyWEw2ARgdPpvE3Eh4gJSlryr9BhilY4TAPx3w2rAIA5+D2qfSgAoM1Tntfw3XS2nqZJk9Wn7rksFxK9l1fbf8SpHpbvuXZXsv88leBMRvisQKw0EXZW5qra89i3j/Ip+VTXbc0i4CfVS972bs7Yd8Pn0ZBk/1oNbjsKYL jenkins@devjenkins01.loyalto.id\n"
            },
            "description": "",
            "device": [
              {
                "name": "eth0",
                "properties": {
                  "ipv4.address": "10.0.0.12",
                  "network": "incusbr0"
                },
                "type": "nic"
              }
            ],
            "ephemeral": false,
            "file": [],
            "image": "images:ubuntu/22.04/cloud",
            "ipv4_address": null,
            "ipv6_address": null,
            "mac_address": "10:66:6a:39:bc:5a",
            "name": "DB",
            "profiles": [
              "default"
            ],
            "project": null,
            "remote": null,
            "running": true,
            "source_file": null,
            "source_instance": null,
            "status": "Running",
            "target": "",
            "type": "virtual-machine",
            "wait_for": []
          },
          "sensitive_attributes": [],
          "identity_schema_version": 0,
          "dependencies": [
            "incus_network.incusbr0"
          ]
        }
      ]
    },
    {
      "mode": "managed",
      "type": "incus_instance",
      "name": "dmz",
      "provider": "provider[\"registry.terraform.io/lxc/incus\"]",
      "instances": [
        {
          "schema_version": 0,
          "attributes": {
            "architecture": "x86_64",
            "config": {
              "limits.cpu": "2",
              "limits.memory": "2048MiB",
              "user.user-data": "#cloud-config\npackage_update: true\npackages:\n  - openssh-server\nusers:\n  - name: ubuntu\n    groups: [adm, sudo]\n    shell: /bin/bash\n    sudo: ALL=(ALL) NOPASSWD:ALL\n    ssh_authorized_keys:\n      - ssh-rsa AAAAB3NzaC1yc2EAAAADAQABAAABAQCwyDUIlyvDeyJJCU5NlhEtcsVP7AauLOGXJeMcaXS2ZEuR+x/xRcWGNK+M4F66BjvD5uiUM96PfmsyOPX2bXhJjcYE7mgog8KZtmMp7Ovzt03aFpfjQRTBsnQPfw4ZOkOqOpr2ewLM9Ph9r674LckDBBqf9ce9+nSQRcN7pk5OjCDuK2JyWEw2ARgdPpvE3Eh4gJSlryr9BhilY4TAPx3w2rAIA5+D2qfSgAoM1Tntfw3XS2nqZJk9Wn7rksFxK9l1fbf8SpHpbvuXZXsv88leBMRvisQKw0EXZW5qra89i3j/Ip+VTXbc0i4CfVS972bs7Yd8Pn0ZBk/1oNbjsKYL jenkins@devjenkins01.loyalto.id\n"
            },
            "description": "",
            "device": [
              {
                "name": "eth0",
                "properties": {
                  "ipv4.address": "10.0.0.10",
                  "network": "incusbr0"
                },
                "type": "nic"
              }
            ],
            "ephemeral": false,
            "file": [],
            "image": "images:ubuntu/22.04/cloud",
            "ipv4_address": null,
            "ipv6_address": null,
            "mac_address": "10:66:6a:a2:5b:0b",
            "name": "DMZ",
            "profiles": [
              "default"
            ],
            "project": null,
            "remote": null,
            "running": true,
            "source_file": null,
            "source_instance": null,
            "status": "Running",
            "target": "",
            "type": "virtual-machine",
            "wait_for": []
          },
          "sensitive_attributes": [],
          "identity_schema_version": 0,
          "dependencies": [
            "incus_network.incusbr0"
          ]
        }
      ]
    },
    {
      "mode": "managed",
      "type": "incus_instance",
      "name": "rancher",
      "provider": "provider[\"registry.terraform.io/lxc/incus\"]",
      "instances": [
        {
          "schema_version": 0,
          "attributes": {
            "architecture": "x86_64",
            "config": {
              "limits.cpu": "2",
              "limits.memory": "4096MiB",
              "user.user-data": "#cloud-config\npackage_update: true\npackages:\n  - openssh-server\nusers:\n  - name: ubuntu\n    groups: [adm, sudo]\n    shell: /bin/bash\n    sudo: ALL=(ALL) NOPASSWD:ALL\n    ssh_authorized_keys:\n      - ssh-rsa AAAAB3NzaC1yc2EAAAADAQABAAABAQCwyDUIlyvDeyJJCU5NlhEtcsVP7AauLOGXJeMcaXS2ZEuR+x/xRcWGNK+M4F66BjvD5uiUM96PfmsyOPX2bXhJjcYE7mgog8KZtmMp7Ovzt03aFpfjQRTBsnQPfw4ZOkOqOpr2ewLM9Ph9r674LckDBBqf9ce9+nSQRcN7pk5OjCDuK2JyWEw2ARgdPpvE3Eh4gJSlryr9BhilY4TAPx3w2rAIA5+D2qfSgAoM1Tntfw3XS2nqZJk9Wn7rksFxK9l1fbf8SpHpbvuXZXsv88leBMRvisQKw0EXZW5qra89i3j/Ip+VTXbc0i4CfVS972bs7Yd8Pn0ZBk/1oNbjsKYL jenkins@devjenkins01.loyalto.id\n"
            },
            "description": "",
            "device": [
              {
                "name": "eth0",
                "properties": {
                  "ipv4.address": "10.0.0.30",
                  "network": "incusbr0"
                },
                "type": "nic"
              }
            ],
            "ephemeral": false,
            "file": [],
            "image": "images:ubuntu/22.04/cloud",
            "ipv4_address": null,
            "ipv6_address": null,
            "mac_address": "10:66:6a:66:27:f8",
            "name": "rancher",
            "profiles": [
              "default"
            ],
            "project": null,
            "remote": null,
            "running": true,
            "source_file": null,
            "source_instance": null,
            "status": "Running",
            "target": "",
            "type": "virtual-machine",
            "wait_for": []
          },
          "sensitive_attributes": [],
          "identity_schema_version": 0,
          "dependencies": [
            "incus_network.incusbr0"
          ]
        }
      ]
    },
    {
      "mode": "managed",
      "type": "incus_instance",
      "name": "rke2_agent",
      "provider": "provider[\"registry.terraform.io/lxc/incus\"]",
      "instances": [
        {
          "schema_version": 0,
          "attributes": {
            "architecture": "x86_64",
            "config": {
              "limits.cpu": "2",
              "limits.memory": "2048MiB",
              "user.user-data": "#cloud-config\npackage_update: true\npackages:\n  - openssh-server\nusers:\n  - name: ubuntu\n    groups: [adm, sudo]\n    shell: /bin/bash\n    sudo: ALL=(ALL) NOPASSWD:ALL\n    ssh_authorized_keys:\n      - ssh-rsa AAAAB3NzaC1yc2EAAAADAQABAAABAQCwyDUIlyvDeyJJCU5NlhEtcsVP7AauLOGXJeMcaXS2ZEuR+x/xRcWGNK+M4F66BjvD5uiUM96PfmsyOPX2bXhJjcYE7mgog8KZtmMp7Ovzt03aFpfjQRTBsnQPfw4ZOkOqOpr2ewLM9Ph9r674LckDBBqf9ce9+nSQRcN7pk5OjCDuK2JyWEw2ARgdPpvE3Eh4gJSlryr9BhilY4TAPx3w2rAIA5+D2qfSgAoM1Tntfw3XS2nqZJk9Wn7rksFxK9l1fbf8SpHpbvuXZXsv88leBMRvisQKw0EXZW5qra89i3j/Ip+VTXbc0i4CfVS972bs7Yd8Pn0ZBk/1oNbjsKYL jenkins@devjenkins01.loyalto.id\n"
            },
            "description": "",
            "device": [
              {
                "name": "eth0",
                "properties": {
                  "ipv4.address": "10.0.0.22",
                  "network": "incusbr0"
                },
                "type": "nic"
              }
            ],
            "ephemeral": false,
            "file": [],
            "image": "images:ubuntu/22.04/cloud",
            "ipv4_address": null,
            "ipv6_address": null,
            "mac_address": "10:66:6a:29:2e:70",
            "name": "rke2-agent01",
            "profiles": [
              "default"
            ],
            "project": null,
            "remote": null,
            "running": true,
            "source_file": null,
            "source_instance": null,
            "status": "Running",
            "target": "",
            "type": "virtual-machine",
            "wait_for": []
          },
          "sensitive_attributes": [],
          "identity_schema_version": 0,
          "dependencies": [
            "incus_network.incusbr0"
          ]
        }
      ]
    },
    {
      "mode": "managed",
      "type": "incus_instance",
      "name": "rke2_master",
      "provider": "provider[\"registry.terraform.io/lxc/incus\"]",
      "instances": [
        {
          "schema_version": 0,
          "attributes": {
            "architecture": "x86_64",
            "config": {
              "limits.cpu": "2",
              "limits.memory": "4096MiB",
              "user.user-data": "#cloud-config\npackage_update: true\npackages:\n  - openssh-server\nusers:\n  - name: ubuntu\n    groups: [adm, sudo]\n    shell: /bin/bash\n    sudo: ALL=(ALL) NOPASSWD:ALL\n    ssh_authorized_keys:\n      - ssh-rsa AAAAB3NzaC1yc2EAAAADAQABAAABAQCwyDUIlyvDeyJJCU5NlhEtcsVP7AauLOGXJeMcaXS2ZEuR+x/xRcWGNK+M4F66BjvD5uiUM96PfmsyOPX2bXhJjcYE7mgog8KZtmMp7Ovzt03aFpfjQRTBsnQPfw4ZOkOqOpr2ewLM9Ph9r674LckDBBqf9ce9+nSQRcN7pk5OjCDuK2JyWEw2ARgdPpvE3Eh4gJSlryr9BhilY4TAPx3w2rAIA5+D2qfSgAoM1Tntfw3XS2nqZJk9Wn7rksFxK9l1fbf8SpHpbvuXZXsv88leBMRvisQKw0EXZW5qra89i3j/Ip+VTXbc0i4CfVS972bs7Yd8Pn0ZBk/1oNbjsKYL jenkins@devjenkins01.loyalto.id\n"
            },
            "description": "",
            "device": [
              {
                "name": "eth0",
                "properties": {
                  "ipv4.address": "10.0.0.21",
                  "network": "incusbr0"
                },
                "type": "nic"
              }
            ],
            "ephemeral": false,
            "file": [],
            "image": "images:ubuntu/22.04/cloud",
            "ipv4_address": null,
            "ipv6_address": null,
            "mac_address": "10:66:6a:bd:ed:11",
            "name": "rke2-master01",
            "profiles": [
              "default"
            ],
            "project": null,
            "remote": null,
            "running": true,
            "source_file": null,
            "source_instance": null,
            "status": "Running",
            "target": "",
            "type": "virtual-machine",
            "wait_for": []
          },
          "sensitive_attributes": [],
          "identity_schema_version": 0,
          "dependencies": [
            "incus_network.incusbr0"
          ]
        }
      ]
    },
    {
      "mode": "managed",
      "type": "incus_instance",
      "name": "rke2_master02",
      "provider": "provider[\"registry.terraform.io/lxc/incus\"]",
      "instances": [
        {
          "schema_version": 0,
          "attributes": {
            "architecture": "x86_64",
            "config": {
              "limits.cpu": "2",
              "limits.memory": "4096MiB",
              "user.user-data": "#cloud-config\npackage_update: true\npackages:\n  - openssh-server\nusers:\n  - name: ubuntu\n    groups: [adm, sudo]\n    shell: /bin/bash\n    sudo: ALL=(ALL) NOPASSWD:ALL\n    ssh_authorized_keys:\n      - ssh-rsa AAAAB3NzaC1yc2EAAAADAQABAAABAQCwyDUIlyvDeyJJCU5NlhEtcsVP7AauLOGXJeMcaXS2ZEuR+x/xRcWGNK+M4F66BjvD5uiUM96PfmsyOPX2bXhJjcYE7mgog8KZtmMp7Ovzt03aFpfjQRTBsnQPfw4ZOkOqOpr2ewLM9Ph9r674LckDBBqf9ce9+nSQRcN7pk5OjCDuK2JyWEw2ARgdPpvE3Eh4gJSlryr9BhilY4TAPx3w2rAIA5+D2qfSgAoM1Tntfw3XS2nqZJk9Wn7rksFxK9l1fbf8SpHpbvuXZXsv88leBMRvisQKw0EXZW5qra89i3j/Ip+VTXbc0i4CfVS972bs7Yd8Pn0ZBk/1oNbjsKYL jenkins@devjenkins01.loyalto.id\n"
            },
            "description": "",
            "device": [
              {
                "name": "eth0",
                "properties": {
                  "ipv4.address": "10.0.0.23",
                  "network": "incusbr0"
                },
                "type": "nic"
              }
            ],
            "ephemeral": false,
            "file": [],
            "image": "images:ubuntu/22.04/cloud",
            "ipv4_address": null,
            "ipv6_address": null,
            "mac_address": "10:66:6a:db:32:bd",
            "name": "rke2-master02",
            "profiles": [
              "default"
            ],
            "project": null,
            "remote": null,
            "running": true,
            "source_file": null,
            "source_instance": null,
            "status": "Running",
            "target": "",
            "type": "virtual-machine",
            "wait_for": []
          },
          "sensitive_attributes": [],
          "identity_schema_version": 0,
          "dependencies": [
            "incus_network.incusbr0"
          ]
        }
      ]
    },
    {
      "mode": "managed",
      "type": "incus_instance",
      "name": "rke2_master03",
      "provider": "provider[\"registry.terraform.io/lxc/incus\"]",
      "instances": [
        {
          "schema_version": 0,
          "attributes": {
            "architecture": "x86_64",
            "config": {
              "limits.cpu": "2",
              "limits.memory": "4096MiB",
              "user.user-data": "#cloud-config\npackage_update: true\npackages:\n  - openssh-server\nusers:\n  - name: ubuntu\n    groups: [adm, sudo]\n    shell: /bin/bash\n    sudo: ALL=(ALL) NOPASSWD:ALL\n    ssh_authorized_keys:\n      - ssh-rsa AAAAB3NzaC1yc2EAAAADAQABAAABAQCwyDUIlyvDeyJJCU5NlhEtcsVP7AauLOGXJeMcaXS2ZEuR+x/xRcWGNK+M4F66BjvD5uiUM96PfmsyOPX2bXhJjcYE7mgog8KZtmMp7Ovzt03aFpfjQRTBsnQPfw4ZOkOqOpr2ewLM9Ph9r674LckDBBqf9ce9+nSQRcN7pk5OjCDuK2JyWEw2ARgdPpvE3Eh4gJSlryr9BhilY4TAPx3w2rAIA5+D2qfSgAoM1Tntfw3XS2nqZJk9Wn7rksFxK9l1fbf8SpHpbvuXZXsv88leBMRvisQKw0EXZW5qra89i3j/Ip+VTXbc0i4CfVS972bs7Yd8Pn0ZBk/1oNbjsKYL jenkins@devjenkins01.loyalto.id\n"
            },
            "description": "",
            "device": [
              {
                "name": "eth0",
                "properties": {
                  "ipv4.address": "10.0.0.24",
                  "network": "incusbr0"
                },
                "type": "nic"
              }
            ],
            "ephemeral": false,
            "file": [],
            "image": "images:ubuntu/22.04/cloud",
            "ipv4_address": null,
            "ipv6_address": null,
            "mac_address": "10:66:6a:98:93:bf",
            "name": "rke2-master03",
            "profiles": [
              "default"
            ],
            "project": null,
            "remote": null,
            "running": true,
            "source_file": null,
            "source_instance": null,
            "status": "Running",
            "target": "",
            "type": "virtual-machine",
            "wait_for": []
          },
          "sensitive_attributes": [],
          "identity_schema_version": 0,
          "dependencies": [
            "incus_network.incusbr0"
          ]
        }
      ]
    },
    {
      "mode": "managed",
      "type": "incus_network",
      "name": "incusbr0",
      "provider": "provider[\"registry.terraform.io/lxc/incus\"]",
      "instances": [
        {
          "schema_version": 0,
          "attributes": {
            "config": {
              "ipv4.address": "10.0.0.1/24",
              "ipv4.nat": "true",
              "ipv6.address": "none"
            },
            "description": "",
            "managed": true,
            "name": "incusbr0",
            "project": null,
            "remote": null,
            "target": null,
            "type": "bridge"
          },
          "sensitive_attributes": [],
          "identity_schema_version": 0
        }
      ]
    }
  ],
  "check_results": null
}
